{
  "version": "2",
  "remote": {
    "https://deno.land/std@0.178.0/async/abortable.ts": "73acfb3ed7261ce0d930dbe89e43db8d34e017b063cf0eaa7d215477bf53442e",
    "https://deno.land/std@0.178.0/async/deadline.ts": "c5facb0b404eede83e38bd2717ea8ab34faa2ffb20ef87fd261fcba32ba307aa",
    "https://deno.land/std@0.178.0/async/debounce.ts": "adab11d04ca38d699444ac8a9d9856b4155e8dda2afd07ce78276c01ea5a4332",
    "https://deno.land/std@0.178.0/async/deferred.ts": "42790112f36a75a57db4a96d33974a936deb7b04d25c6084a9fa8a49f135def8",
    "https://deno.land/std@0.178.0/async/delay.ts": "73aa04cec034c84fc748c7be49bb15cac3dd43a57174bfdb7a4aec22c248f0dd",
    "https://deno.land/std@0.178.0/async/mod.ts": "f04344fa21738e5ad6bea37a6bfffd57c617c2d372bb9f9dcfd118a1b622e576",
    "https://deno.land/std@0.178.0/async/mux_async_iterator.ts": "70c7f2ee4e9466161350473ad61cac0b9f115cff4c552eaa7ef9d50c4cbb4cc9",
    "https://deno.land/std@0.178.0/async/pool.ts": "fd082bd4aaf26445909889435a5c74334c017847842ec035739b4ae637ae8260",
    "https://deno.land/std@0.178.0/async/retry.ts": "5efa3ba450ac0c07a40a82e2df296287b5013755d232049efd7ea2244f15b20f",
    "https://deno.land/std@0.178.0/async/tee.ts": "47e42d35f622650b02234d43803d0383a89eb4387e1b83b5a40106d18ae36757",
    "https://deno.land/std@0.178.0/http/server.ts": "cbb17b594651215ba95c01a395700684e569c165a567e4e04bba327f41197433",
    "https://esm.sh/@unocss/core@0.49.7": "a9efea9b060a36101c1d8ff3fddd2b6f24cf85e163c01936ab2e1740adb285d0",
    "https://esm.sh/@unocss/preset-attributify@0.50.3": "5f7742f7e33eb7136626dbbf3c985f75aa119c50280e8444170cb3cb04369d43",
    "https://esm.sh/@unocss/preset-wind@0.49.7?bundle&no-check": "46706f821b4e7ac39a9a5c752f77a7a3ada572c9450a0cd7429c19f0da87fa26",
    "https://esm.sh/v110/@antfu/utils@0.5.2/index.d.ts": "b55dd2eb5ced2eec9fbac96be6fe8d5c30cb9fd875fd47f711882c7e3c2a857d",
    "https://esm.sh/v110/@unocss/core@0.49.7/deno/core.js": "f65899138d10641ab04088a1169ea3f76675242e04fa740d01ed0e59417b0913",
    "https://esm.sh/v110/@unocss/core@0.49.7/dist/index.d.ts": "d608fd874e98aefa37518deba2ddfac9e8036b163a47ce0a60ab55e282d07034",
    "https://esm.sh/v110/@unocss/core@0.50.3/deno/core.js": "ad51680a33e7963573ee5a719298d899ff191efabe242498d7211332b6eca1d7",
    "https://esm.sh/v110/@unocss/core@0.50.3/dist/index.d.ts": "b7778d6862ec860d2c2d21f417b27ea039466d9c1d94dc398265bec86148b4b9",
    "https://esm.sh/v110/@unocss/preset-attributify@0.50.3/deno/preset-attributify.js": "6547d3ec6be48ba1a39d4592dc60fc03852f314028eaa9a1c4aaef0817c0c0ad",
    "https://esm.sh/v110/@unocss/preset-attributify@0.50.3/dist/index.d.ts": "64afa970118d7cb5dca1badf49e882833bdeba11ac4e452cb954fd27b56d0137",
    "https://esm.sh/v110/@unocss/preset-wind@0.49.7/deno/preset-wind.bundle.js": "1874a2a55472bb0f82b6b7c24bf17a641bc9a3bb7b8f9cb4abff93455ac73911",
    "https://esm.sh/v110/magic-string@0.30.0/index.d.ts": "dff50cb5dc6990d26ea2a5a3320132e872d258d283599e744c8fa603ab40f88b",
    "https://esm.sh/v110/unconfig@0.3.7/dist/index.d.ts": "6ede3993caa0f5903af0f848359ca11c886fc50b299a92dbc139e0d9ecda792d",
    "https://esm.sh/v110/unconfig@0.3.7/dist/types-6886c41e.d.ts": "fab09fbc7ae65e1ed0e2541947eb6e34762b75c84d93beae49b5ccb167b48812"
  }
}
